
Microsoft Visual Studio Solution File, Format Version 12.00
# Visual Studio Version 16
VisualStudioVersion = 16.0.30011.22
MinimumVisualStudioVersion = 10.0.40219.1
Project("{9A19103F-16F7-4668-BE54-9A1E7A4F7556}") = "BG96Sharp", "BG96Sharp.csproj", "{DB18D928-4774-4E2D-91F6-088D49CF5DDB}"
EndProject
Global
	GlobalSection(SolutionConfigurationPlatforms) = preSolution
		Debug|Any CPU = Debug|Any CPU
		Release|Any CPU = Release|Any CPU
	EndGlobalSection
	GlobalSection(ProjectConfigurationPlatforms) = postSolution
		{DB18D928-4774-4E2D-91F6-088D49CF5DDB}.Debug|Any CPU.ActiveCfg = Debug|Any CPU
		{DB18D928-4774-4E2D-91F6-088D49CF5DDB}.Debug|Any CPU.Build.0 = Debug|Any CPU
		{DB18D928-4774-4E2D-91F6-088D49CF5DDB}.Release|Any CPU.ActiveCfg = Release|Any CPU
		{DB18D928-4774-4E2D-91F6-088D49CF5DDB}.Release|Any CPU.Build.0 = Release|Any CPU
	EndGlobalSection
	GlobalSection(SolutionProperties) = preSolution
		HideSolutionNode = FALSE
	EndGlobalSection
	GlobalSection(ExtensibilityGlobals) = postSolution
		SolutionGuid = {BBF871FF-CE41-4B52-BEB1-AAF15EBC2385}
	EndGlobalSection
EndGlobal
